<?xml version="1.0" encoding="utf-8"?>
<Project ToolsVersion="4.0" xmlns="http://schemas.microsoft.com/developer/msbuild/2003">
  <ItemGroup>
    <None Include="cpp.hint" />
    <None Include="src\Explorer\res\leftright.cur">
      <Filter>Resource</Filter>
    </None>
    <None Include="src\Explorer\res\updown.cur">
      <Filter>Resource</Filter>
    </None>
  </ItemGroup>
  <ItemGroup>
    <Filter Include="Resource">
      <UniqueIdentifier>{9b87ff09-c82f-4add-b01a-e178b6f8647c}</UniqueIdentifier>
    </Filter>
    <Filter Include="src">
      <UniqueIdentifier>{b88ba7f3-a2d0-4f54-9929-7145e8b2e2b3}</UniqueIdentifier>
    </Filter>
    <Filter Include="src\Explorer">
      <UniqueIdentifier>{d9646711-1621-4b20-a4ff-5f24988cf47e}</UniqueIdentifier>
    </Filter>
    <Filter Include="src\NppPlugin">
      <UniqueIdentifier>{f71ab500-8c79-47c1-af4e-e4132d0358c6}</UniqueIdentifier>
    </Filter>
  </ItemGroup>
  <ItemGroup>
    <ClCompile Include="src\NppPlugin\DockingFeature\StaticDialog.cpp">
      <Filter>src\NppPlugin</Filter>
    </ClCompile>
    <ClCompile Include="src\Explorer\ComboOrgi.cpp">
      <Filter>src\Explorer</Filter>
    </ClCompile>
    <ClCompile Include="src\Explorer\ContextMenu.cpp">
      <Filter>src\Explorer</Filter>
    </ClCompile>
    <ClCompile Include="src\Explorer\DragDropImpl.cpp">
      <Filter>src\Explorer</Filter>
    </ClCompile>
    <ClCompile Include="src\Explorer\Explorer.cpp">
      <Filter>src\Explorer</Filter>
    </ClCompile>
    <ClCompile Include="src\Explorer\ExplorerDialog.cpp">
      <Filter>src\Explorer</Filter>
    </ClCompile>
    <ClCompile Include="src\Explorer\FavesDialog.cpp">
      <Filter>src\Explorer</Filter>
    </ClCompile>
    <ClCompile Include="src\Explorer\FavesModel.cpp">
      <Filter>src\Explorer</Filter>
    </ClCompile>
    <ClCompile Include="src\Explorer\FileDlg.cpp">
      <Filter>src\Explorer</Filter>
    </ClCompile>
    <ClCompile Include="src\Explorer\FileFilter.cpp">
      <Filter>src\Explorer</Filter>
    </ClCompile>
    <ClCompile Include="src\Explorer\FileList.cpp">
      <Filter>src\Explorer</Filter>
    </ClCompile>
    <ClCompile Include="src\Explorer\FileSystemWatcher.cpp">
      <Filter>src\Explorer</Filter>
    </ClCompile>
    <ClCompile Include="src\Explorer\FuzzyMatcher.cpp">
      <Filter>src\Explorer</Filter>
    </ClCompile>
    <ClCompile Include="src\Explorer\HelpDialog.cpp">
      <Filter>src\Explorer</Filter>
    </ClCompile>
    <ClCompile Include="src\Explorer\ImageListSet.cpp">
      <Filter>src\Explorer</Filter>
    </ClCompile>
    <ClCompile Include="src\Explorer\NewDlg.cpp">
      <Filter>src\Explorer</Filter>
    </ClCompile>
    <ClCompile Include="src\Explorer\NppInterface.cpp">
      <Filter>src\Explorer</Filter>
    </ClCompile>
    <ClCompile Include="src\Explorer\OptionDialog.cpp">
      <Filter>src\Explorer</Filter>
    </ClCompile>
    <ClCompile Include="src\Explorer\pch.cpp">
      <Filter>src\Explorer</Filter>
    </ClCompile>
    <ClCompile Include="src\Explorer\PropDlg.cpp">
      <Filter>src\Explorer</Filter>
    </ClCompile>
    <ClCompile Include="src\Explorer\QuickOpenDialog.cpp">
      <Filter>src\Explorer</Filter>
    </ClCompile>
    <ClCompile Include="src\Explorer\ThemeRenderer.cpp">
      <Filter>src\Explorer</Filter>
    </ClCompile>
    <ClCompile Include="src\Explorer\ToolBar.cpp">
      <Filter>src\Explorer</Filter>
    </ClCompile>
    <ClCompile Include="src\Explorer\TreeView.cpp">
      <Filter>src\Explorer</Filter>
    </ClCompile>
    <ClCompile Include="src\Explorer\URLCtrl.cpp">
      <Filter>src\Explorer</Filter>
    </ClCompile>
    <ClCompile Include="src\Explorer\DirectoryReader.cpp">
      <Filter>src\Explorer</Filter>
    </ClCompile>
    <ClCompile Include="src\Explorer\UTF16Stream.cpp">
      <Filter>src\Explorer</Filter>
    </ClCompile>
  </ItemGroup>
  <ItemGroup>
    <ResourceCompile Include="src\Explorer\version.rc">
      <Filter>Resource</Filter>
    </ResourceCompile>
    <ResourceCompile Include="src\Explorer\ExplorerDialog.rc">
      <Filter>src\Explorer</Filter>
    </ResourceCompile>
  </ItemGroup>
  <ItemGroup>
    <ClInclude Include="src\Explorer\ComboOrgi.h">
      <Filter>src\Explorer</Filter>
    </ClInclude>
    <ClInclude Include="src\Explorer\ContextMenu.h">
      <Filter>src\Explorer</Filter>
    </ClInclude>
    <ClInclude Include="src\Explorer\DragDropImpl.h">
      <Filter>src\Explorer</Filter>
    </ClInclude>
    <ClInclude Include="src\Explorer\Explorer.h">
      <Filter>src\Explorer</Filter>
    </ClInclude>
    <ClInclude Include="src\Explorer\ExplorerDialog.h">
      <Filter>src\Explorer</Filter>
    </ClInclude>
    <ClInclude Include="src\Explorer\ExplorerResource.h">
      <Filter>src\Explorer</Filter>
    </ClInclude>
    <ClInclude Include="src\Explorer\FavesDialog.h">
      <Filter>src\Explorer</Filter>
    </ClInclude>
    <ClInclude Include="src\Explorer\FavesModel.h">
      <Filter>src\Explorer</Filter>
    </ClInclude>
    <ClInclude Include="src\Explorer\FileDlg.h">
      <Filter>src\Explorer</Filter>
    </ClInclude>
    <ClInclude Include="src\Explorer\FileFilter.h">
      <Filter>src\Explorer</Filter>
    </ClInclude>
    <ClInclude Include="src\Explorer\FileList.h">
      <Filter>src\Explorer</Filter>
    </ClInclude>
    <ClInclude Include="src\Explorer\FileSystemWatcher.h">
      <Filter>src\Explorer</Filter>
    </ClInclude>
    <ClInclude Include="src\Explorer\FuzzyMatcher.h">
      <Filter>src\Explorer</Filter>
    </ClInclude>
    <ClInclude Include="src\Explorer\Graphics.h">
      <Filter>src\Explorer</Filter>
    </ClInclude>
    <ClInclude Include="src\Explorer\HelpDialog.h">
      <Filter>src\Explorer</Filter>
    </ClInclude>
    <ClInclude Include="src\Explorer\ImageListSet.h">
      <Filter>src\Explorer</Filter>
    </ClInclude>
    <ClInclude Include="src\Explorer\NewDlg.h">
      <Filter>src\Explorer</Filter>
    </ClInclude>
    <ClInclude Include="src\Explorer\NppInterface.h">
      <Filter>src\Explorer</Filter>
    </ClInclude>
    <ClInclude Include="src\Explorer\OptionDialog.h">
      <Filter>src\Explorer</Filter>
    </ClInclude>
    <ClInclude Include="src\Explorer\pch.h">
      <Filter>src\Explorer</Filter>
    </ClInclude>
    <ClInclude Include="src\Explorer\PropDlg.h">
      <Filter>src\Explorer</Filter>
    </ClInclude>
    <ClInclude Include="src\Explorer\QuickOpenDialog.h">
      <Filter>src\Explorer</Filter>
    </ClInclude>
    <ClInclude Include="src\Explorer\resource.h">
      <Filter>src\Explorer</Filter>
    </ClInclude>
    <ClInclude Include="src\Explorer\StringUtil.h">
      <Filter>src\Explorer</Filter>
    </ClInclude>
    <ClInclude Include="src\Explorer\ThemeRenderer.h">
      <Filter>src\Explorer</Filter>
    </ClInclude>
    <ClInclude Include="src\Explorer\ToolBar.h">
      <Filter>src\Explorer</Filter>
    </ClInclude>
    <ClInclude Include="src\Explorer\TreeView.h">
      <Filter>src\Explorer</Filter>
    </ClInclude>
    <ClInclude Include="src\Explorer\URLCtrl.h">
      <Filter>src\Explorer</Filter>
    </ClInclude>
    <ClInclude Include="src\Explorer\version.h">
      <Filter>src\Explorer</Filter>
    </ClInclude>
    <ClInclude Include="src\NppPlugin\DockingFeature\Window.h">
      <Filter>src\NppPlugin</Filter>
    </ClInclude>
    <ClInclude Include="src\NppPlugin\DockingFeature\Docking.h">
      <Filter>src\NppPlugin</Filter>
    </ClInclude>
    <ClInclude Include="src\NppPlugin\DockingFeature\DockingDlgInterface.h">
      <Filter>src\NppPlugin</Filter>
    </ClInclude>
    <ClInclude Include="src\NppPlugin\DockingFeature\dockingResource.h">
      <Filter>src\NppPlugin</Filter>
    </ClInclude>
    <ClInclude Include="src\NppPlugin\menuCmdID.h">
      <Filter>src\NppPlugin</Filter>
    </ClInclude>
    <ClInclude Include="src\NppPlugin\Notepad_plus_msgs.h">
      <Filter>src\NppPlugin</Filter>
    </ClInclude>
    <ClInclude Include="src\NppPlugin\nppexec_msgs.h">
      <Filter>src\NppPlugin</Filter>
    </ClInclude>
    <ClInclude Include="src\NppPlugin\PluginInterface.h">
      <Filter>src\NppPlugin</Filter>
    </ClInclude>
    <ClInclude Include="src\NppPlugin\Sci_Position.h">
      <Filter>src\NppPlugin</Filter>
    </ClInclude>
    <ClInclude Include="src\NppPlugin\Scintilla.h">
      <Filter>src\NppPlugin</Filter>
    </ClInclude>
    <ClInclude Include="src\NppPlugin\DockingFeature\StaticDialog.h">
      <Filter>src\NppPlugin</Filter>
    </ClInclude>
    <ClInclude Include="src\Explorer\DirectoryReader.h">
      <Filter>src\Explorer</Filter>
    </ClInclude>
    <ClInclude Include="src\Explorer\ExplorerContext.h">
      <Filter>src\Explorer</Filter>
    </ClInclude>
    <ClInclude Include="src\Explorer\UTF16Stream.h">
      <Filter>src\Explorer</Filter>
    </ClInclude>
  </ItemGroup>
  <ItemGroup>
    <Image Include="src\Explorer\res\explore.bmp">
      <Filter>Resource</Filter>
    </Image>
    <Image Include="src\Explorer\res\explore.ico">
      <Filter>Resource</Filter>
    </Image>
    <Image Include="src\Explorer\res\file.ico">
      <Filter>Resource</Filter>
    </Image>
    <Image Include="src\Explorer\res\findFile.bmp">
      <Filter>Resource</Filter>
    </Image>
    <Image Include="src\Explorer\res\fluent_explorer.ico">
      <Filter>Resource</Filter>
    </Image>
    <Image Include="src\Explorer\res\fluent_explorer_dark.ico">
      <Filter>Resource</Filter>
    </Image>
    <Image Include="src\Explorer\res\fluent_faves.ico">
      <Filter>Resource</Filter>
    </Image>
    <Image Include="src\Explorer\res\fluent_faves_dark.ico">
      <Filter>Resource</Filter>
    </Image>
    <Image Include="src\Explorer\res\folder.ico">
      <Filter>Resource</Filter>
    </Image>
    <Image Include="src\Explorer\res\folderGo.bmp">
      <Filter>Resource</Filter>
    </Image>
    <Image Include="src\Explorer\res\folderUser.bmp">
      <Filter>Resource</Filter>
    </Image>
    <Image Include="src\Explorer\res\group.ico">
      <Filter>Resource</Filter>
    </Image>
    <Image Include="src\Explorer\res\Heart.bmp">
      <Filter>Resource</Filter>
    </Image>
    <Image Include="src\Explorer\res\Heart.ico">
      <Filter>Resource</Filter>
    </Image>
    <Image Include="src\Explorer\res\linkDelete.bmp">
      <Filter>Resource</Filter>
    </Image>
    <Image Include="src\Explorer\res\linkEdit.bmp">
      <Filter>Resource</Filter>
    </Image>
    <Image Include="src\Explorer\res\linkNew.bmp">
      <Filter>Resource</Filter>
    </Image>
    <Image Include="src\Explorer\res\linkNewFile.bmp">
      <Filter>Resource</Filter>
    </Image>
    <Image Include="src\Explorer\res\linkNewFolder.bmp">
      <Filter>Resource</Filter>
    </Image>
    <Image Include="src\Explorer\res\missingfile.ico">
      <Filter>Resource</Filter>
    </Image>
    <Image Include="src\Explorer\res\newFile.bmp">
      <Filter>Resource</Filter>
    </Image>
    <Image Include="src\Explorer\res\newFolder.bmp">
      <Filter>Resource</Filter>
    </Image>
    <Image Include="src\Explorer\res\parent.ico">
      <Filter>Resource</Filter>
    </Image>
    <Image Include="src\Explorer\res\redo.bmp">
      <Filter>Resource</Filter>
    </Image>
    <Image Include="src\Explorer\res\session.ico">
      <Filter>Resource</Filter>
    </Image>
    <Image Include="src\Explorer\res\terminal.bmp">
      <Filter>Resource</Filter>
    </Image>
    <Image Include="src\Explorer\res\undo.bmp">
      <Filter>Resource</Filter>
    </Image>
    <Image Include="src\Explorer\res\update.bmp">
      <Filter>Resource</Filter>
    </Image>
    <Image Include="src\Explorer\res\warnsession.ico">
      <Filter>Resource</Filter>
    </Image>
    <Image Include="src\Explorer\res\web.ico">
      <Filter>Resource</Filter>
    </Image>
  </ItemGroup>
</Project>