<?xml version="1.0" encoding="utf-8"?>
<Project ToolsVersion="4.0" xmlns="http://schemas.microsoft.com/developer/msbuild/2003">
  <ItemGroup>
    <Filter Include="Header Files">
      <UniqueIdentifier>{a22170b8-c598-4aa3-8517-721ced0ec28f}</UniqueIdentifier>
      <Extensions>h;hpp;hxx;hm;inl</Extensions>
    </Filter>
    <Filter Include="Header Files\Common">
      <UniqueIdentifier>{7a45554f-9982-4607-9073-449c5f1191fd}</UniqueIdentifier>
    </Filter>
    <Filter Include="Header Files\NativeLang">
      <UniqueIdentifier>{ea0cb042-3dcd-4cb9-8e78-97522ffcb193}</UniqueIdentifier>
    </Filter>
    <Filter Include="Header Files\NppExec">
      <UniqueIdentifier>{0be1a273-d9bb-4310-930f-abf973209e01}</UniqueIdentifier>
    </Filter>
    <Filter Include="Resource Files">
      <UniqueIdentifier>{00cfcba0-a68f-456a-a29e-9cb1e30ed049}</UniqueIdentifier>
      <Extensions>ico;cur;bmp;dlg;rc2;rct;bin;rgs;gif;jpg;jpeg;jpe</Extensions>
    </Filter>
    <Filter Include="Source Files">
      <UniqueIdentifier>{7d1ef30d-0299-43fc-a42f-54bab51c0656}</UniqueIdentifier>
      <Extensions>cpp;c;cxx;rc;def;r;odl;idl;hpj;bat</Extensions>
    </Filter>
    <Filter Include="Source Files\Common">
      <UniqueIdentifier>{45902f18-09dc-4924-99cc-a4beb2b466ea}</UniqueIdentifier>
    </Filter>
  </ItemGroup>
  <ItemGroup>
    <ClCompile Include="..\..\src\FileList\ComboOrgi.cpp">
      <Filter>Source Files</Filter>
    </ClCompile>
    <ClCompile Include="..\..\src\MISC\ContextMenu.cpp">
      <Filter>Source Files</Filter>
    </ClCompile>
    <ClCompile Include="..\..\src\PureDnD\DragDropImpl.cpp">
      <Filter>Source Files</Filter>
    </ClCompile>
    <ClCompile Include="..\..\src\Explorer.cpp">
      <Filter>Source Files</Filter>
    </ClCompile>
    <ClCompile Include="..\..\src\ExplorerDialog.cpp">
      <Filter>Source Files</Filter>
    </ClCompile>
    <ClCompile Include="..\..\src\FavesDialog.cpp">
      <Filter>Source Files</Filter>
    </ClCompile>
    <ClCompile Include="..\..\src\FileDlg\FileDlg.cpp">
      <Filter>Source Files</Filter>
    </ClCompile>
    <ClCompile Include="..\..\src\FileList\FileList.cpp">
      <Filter>Source Files</Filter>
    </ClCompile>
    <ClCompile Include="..\..\src\HelpDlg\HelpDialog.cpp">
      <Filter>Source Files</Filter>
    </ClCompile>
    <ClCompile Include="..\..\src\NewDlg\NewDlg.cpp">
      <Filter>Source Files</Filter>
    </ClCompile>
    <ClCompile Include="..\..\src\OptionDlg\OptionDialog.cpp">
      <Filter>Source Files</Filter>
    </ClCompile>
    <ClCompile Include="..\..\src\PropDlg\PropDlg.cpp">
      <Filter>Source Files</Filter>
    </ClCompile>
    <ClCompile Include="..\..\src\FileList\ToolTip.cpp">
      <Filter>Source Files</Filter>
    </ClCompile>
    <ClCompile Include="..\..\src\MISC\TreeHelperClass.cpp">
      <Filter>Source Files</Filter>
    </ClCompile>
    <ClCompile Include="..\..\src\HelpDlg\URLCtrl.cpp">
      <Filter>Source Files</Filter>
    </ClCompile>
    <ClCompile Include="..\..\..\Common\Ccpp\ImageListSet.cpp">
      <Filter>Source Files\Common</Filter>
    </ClCompile>
    <ClCompile Include="..\..\..\Common\Ccpp\StaticDialog.cpp">
      <Filter>Source Files\Common</Filter>
    </ClCompile>
    <ClCompile Include="..\..\..\Common\Ccpp\SysMsg.cpp">
      <Filter>Source Files\Common</Filter>
    </ClCompile>
    <ClCompile Include="..\..\..\Common\Ccpp\ToolBar.cpp">
      <Filter>Source Files\Common</Filter>
    </ClCompile>
    <ClCompile Include="..\..\..\Common\Ccpp\stdafx.cpp">
      <Filter>Source Files\Common</Filter>
    </ClCompile>
    <ClCompile Include="..\..\src\MISC\NppInterface.cpp">
      <Filter>Source Files</Filter>
    </ClCompile>
    <ClCompile Include="..\..\src\MISC\FuzzyMatcher.cpp">
      <Filter>Source Files</Filter>
    </ClCompile>
    <ClCompile Include="..\..\src\QuickOpenDialog.cpp">
      <Filter>Source Files</Filter>
    </ClCompile>
    <ClCompile Include="..\..\src\MISC\FileFilter.cpp">
      <Filter>Source Files</Filter>
    </ClCompile>
    <ClCompile Include="..\..\src\MISC\DirectoryIndex.cpp">
      <Filter>Source Files</Filter>
    </ClCompile>
  </ItemGroup>
  <ItemGroup>
    <ResourceCompile Include="..\..\src\ExplorerDialog.rc">
      <Filter>Source Files</Filter>
    </ResourceCompile>
  </ItemGroup>
  <ItemGroup>
    <ClInclude Include="..\..\src\FileList\ComboOrgi.h">
      <Filter>Header Files</Filter>
    </ClInclude>
    <ClInclude Include="..\..\src\MISC\ContextMenu.h">
      <Filter>Header Files</Filter>
    </ClInclude>
    <ClInclude Include="..\..\src\PureDnD\DragDropImpl.h">
      <Filter>Header Files</Filter>
    </ClInclude>
    <ClInclude Include="..\..\src\Explorer.h">
      <Filter>Header Files</Filter>
    </ClInclude>
    <ClInclude Include="..\..\src\ExplorerDialog.h">
      <Filter>Header Files</Filter>
    </ClInclude>
    <ClInclude Include="..\..\src\ExplorerResource.h">
      <Filter>Header Files</Filter>
    </ClInclude>
    <ClInclude Include="..\..\src\FavesDialog.h">
      <Filter>Header Files</Filter>
    </ClInclude>
    <ClInclude Include="..\..\src\FileDlg\FileDlg.h">
      <Filter>Header Files</Filter>
    </ClInclude>
    <ClInclude Include="..\..\src\FileList\FileList.h">
      <Filter>Header Files</Filter>
    </ClInclude>
    <ClInclude Include="..\..\src\HelpDlg\HelpDialog.h">
      <Filter>Header Files</Filter>
    </ClInclude>
    <ClInclude Include="..\..\src\NewDlg\NewDlg.h">
      <Filter>Header Files</Filter>
    </ClInclude>
    <ClInclude Include="..\..\src\OptionDlg\OptionDialog.h">
      <Filter>Header Files</Filter>
    </ClInclude>
    <ClInclude Include="..\..\src\PropDlg\PropDlg.h">
      <Filter>Header Files</Filter>
    </ClInclude>
    <ClInclude Include="..\..\src\FileList\ToolTip.h">
      <Filter>Header Files</Filter>
    </ClInclude>
    <ClInclude Include="..\..\src\MISC\TreeHelperClass.h">
      <Filter>Header Files</Filter>
    </ClInclude>
    <ClInclude Include="..\..\src\HelpDlg\URLCtrl.h">
      <Filter>Header Files</Filter>
    </ClInclude>
    <ClInclude Include="..\..\src\resource.h">
      <Filter>Header Files</Filter>
    </ClInclude>
    <ClInclude Include="..\..\..\Common\Ccpp\Docking.h">
      <Filter>Header Files\Common</Filter>
    </ClInclude>
    <ClInclude Include="..\..\..\Common\Ccpp\DockingDlgInterface.h">
      <Filter>Header Files\Common</Filter>
    </ClInclude>
    <ClInclude Include="..\..\..\Common\Ccpp\ImageListSet.h">
      <Filter>Header Files\Common</Filter>
    </ClInclude>
    <ClInclude Include="..\..\..\Common\Ccpp\Notepad_plus_msgs.h">
      <Filter>Header Files\Common</Filter>
    </ClInclude>
    <ClInclude Include="..\..\..\Common\Ccpp\Notepad_plus_rc.h">
      <Filter>Header Files\Common</Filter>
    </ClInclude>
    <ClInclude Include="..\..\..\Common\Ccpp\PluginInterface.h">
      <Filter>Header Files\Common</Filter>
    </ClInclude>
    <ClInclude Include="..\..\..\Common\Ccpp\Scintilla.h">
      <Filter>Header Files\Common</Filter>
    </ClInclude>
    <ClInclude Include="..\..\..\Common\Ccpp\StaticDialog.h">
      <Filter>Header Files\Common</Filter>
    </ClInclude>
    <ClInclude Include="..\..\..\Common\Ccpp\SysMsg.h">
      <Filter>Header Files\Common</Filter>
    </ClInclude>
    <ClInclude Include="..\..\..\Common\Ccpp\ToolBar.h">
      <Filter>Header Files\Common</Filter>
    </ClInclude>
    <ClInclude Include="..\..\..\Common\Ccpp\Window.h">
      <Filter>Header Files\Common</Filter>
    </ClInclude>
    <ClInclude Include="..\..\..\Common\Ccpp\stdafx.h">
      <Filter>Header Files\Common</Filter>
    </ClInclude>
    <ClInclude Include="..\..\..\NativeLang\src\NativeLang_def.h">
      <Filter>Header Files\NativeLang</Filter>
    </ClInclude>
    <ClInclude Include="..\..\src\MISC\nppexec_msgs.h">
      <Filter>Header Files\NppExec</Filter>
    </ClInclude>
    <ClInclude Include="..\..\src\MISC\NppInterface.h">
      <Filter>Header Files</Filter>
    </ClInclude>
    <ClInclude Include="..\..\src\MISC\FuzzyMatcher.h">
      <Filter>Header Files</Filter>
    </ClInclude>
    <ClInclude Include="..\..\src\QuickOpenDialog.h">
      <Filter>Header Files</Filter>
    </ClInclude>
    <ClInclude Include="..\..\src\MISC\FileFilter.h">
      <Filter>Header Files</Filter>
    </ClInclude>
    <ClInclude Include="..\..\src\MISC\DirectoryIndex.h">
      <Filter>Header Files</Filter>
    </ClInclude>
  </ItemGroup>
  <ItemGroup>
    <Image Include="..\..\res\Heart.bmp">
      <Filter>Resource Files</Filter>
    </Image>
    <Image Include="..\..\res\Heart.ico">
      <Filter>Resource Files</Filter>
    </Image>
    <Image Include="..\..\res\SortDown.bmp">
      <Filter>Resource Files</Filter>
    </Image>
    <Image Include="..\..\res\SortUp.bmp">
      <Filter>Resource Files</Filter>
    </Image>
    <Image Include="..\..\res\bitmap1.bmp">
      <Filter>Resource Files</Filter>
    </Image>
    <Image Include="..\..\res\bmp00001.bmp">
      <Filter>Resource Files</Filter>
    </Image>
    <Image Include="..\..\res\explore.bmp">
      <Filter>Resource Files</Filter>
    </Image>
    <Image Include="..\..\res\explore.ico">
      <Filter>Resource Files</Filter>
    </Image>
    <Image Include="..\..\res\file.ico">
      <Filter>Resource Files</Filter>
    </Image>
    <Image Include="..\..\res\findFile.bmp">
      <Filter>Resource Files</Filter>
    </Image>
    <Image Include="..\..\res\folder.ico">
      <Filter>Resource Files</Filter>
    </Image>
    <Image Include="..\..\res\folderGo.bmp">
      <Filter>Resource Files</Filter>
    </Image>
    <Image Include="..\..\res\folderUser.bmp">
      <Filter>Resource Files</Filter>
    </Image>
    <Image Include="..\..\res\group.ico">
      <Filter>Resource Files</Filter>
    </Image>
    <Image Include="..\..\res\linkDelete.bmp">
      <Filter>Resource Files</Filter>
    </Image>
    <Image Include="..\..\res\linkEdit.bmp">
      <Filter>Resource Files</Filter>
    </Image>
    <Image Include="..\..\res\linkNew.bmp">
      <Filter>Resource Files</Filter>
    </Image>
    <Image Include="..\..\res\linkNewFile.bmp">
      <Filter>Resource Files</Filter>
    </Image>
    <Image Include="..\..\res\linkNewFolder.bmp">
      <Filter>Resource Files</Filter>
    </Image>
    <Image Include="..\..\res\newFile.bmp">
      <Filter>Resource Files</Filter>
    </Image>
    <Image Include="..\..\res\newFolder.bmp">
      <Filter>Resource Files</Filter>
    </Image>
    <Image Include="..\..\res\parent.ico">
      <Filter>Resource Files</Filter>
    </Image>
    <Image Include="..\..\res\redo.bmp">
      <Filter>Resource Files</Filter>
    </Image>
    <Image Include="..\..\res\session.ico">
      <Filter>Resource Files</Filter>
    </Image>
    <Image Include="..\..\res\undo.bmp">
      <Filter>Resource Files</Filter>
    </Image>
    <Image Include="..\..\res\update.bmp">
      <Filter>Resource Files</Filter>
    </Image>
    <Image Include="..\..\res\web.ico">
      <Filter>Resource Files</Filter>
    </Image>
  </ItemGroup>
  <ItemGroup>
    <None Include="..\..\res\leftright.cur">
      <Filter>Resource Files</Filter>
    </None>
    <None Include="..\..\res\updown.cur">
      <Filter>Resource Files</Filter>
    </None>
  </ItemGroup>
</Project>